
Microsoft Visual Studio Solution File, Format Version 12.00
# Visual Studio Version 17
VisualStudioVersion = 17.9.34622.214
MinimumVisualStudioVersion = 10.0.40219.1
Project("{FAE04EC0-301F-11D3-BF4B-00C04F79EFBC}") = "NominaCRUD", "NominaCRUD\NominaCRUD.csproj", "{6E1F775A-6BAD-4B9C-9DB8-5587E7C1690C}"
EndProject
Global
	GlobalSection(SolutionConfigurationPlatforms) = preSolution
		Debug|Any CPU = Debug|Any CPU
		Release|Any CPU = Release|Any CPU
	EndGlobalSection
	GlobalSection(ProjectConfigurationPlatforms) = postSolution
		{6E1F775A-6BAD-4B9C-9DB8-5587E7C1690C}.Debug|Any CPU.ActiveCfg = Debug|Any CPU
		{6E1F775A-6BAD-4B9C-9DB8-5587E7C1690C}.Debug|Any CPU.Build.0 = Debug|Any CPU
		{6E1F775A-6BAD-4B9C-9DB8-5587E7C1690C}.Release|Any CPU.ActiveCfg = Release|Any CPU
		{6E1F775A-6BAD-4B9C-9DB8-5587E7C1690C}.Release|Any CPU.Build.0 = Release|Any CPU
	EndGlobalSection
	GlobalSection(SolutionProperties) = preSolution
		HideSolutionNode = FALSE
	EndGlobalSection
	GlobalSection(ExtensibilityGlobals) = postSolution
		SolutionGuid = {DBDD78A2-F72E-4451-B5EE-567701B90683}
	EndGlobalSection
EndGlobal
